
Microsoft Visual Studio Solution File, Format Version 12.00
# Visual Studio 2012
Project("{FAE04EC0-301F-11D3-BF4B-00C04F79EFBC}") = "SampleAlgorithms", "SampleAlgorithms\SampleAlgorithms.csproj", "{BEFB01CE-8157-4C77-9192-57EAD68F9E0D}"
EndProject
Project("{FAE04EC0-301F-11D3-BF4B-00C04F79EFBC}") = "SampleAlgorithms.Tests", "SampleAlgorithms.Tests\SampleAlgorithms.Tests.csproj", "{66EEDB8F-9174-4836-8521-42E45669333C}"
EndProject
Global
	GlobalSection(SolutionConfigurationPlatforms) = preSolution
		Debug|Any CPU = Debug|Any CPU
		Release|Any CPU = Release|Any CPU
	EndGlobalSection
	GlobalSection(ProjectConfigurationPlatforms) = postSolution
		{BEFB01CE-8157-4C77-9192-57EAD68F9E0D}.Debug|Any CPU.ActiveCfg = Debug|Any CPU
		{BEFB01CE-8157-4C77-9192-57EAD68F9E0D}.Debug|Any CPU.Build.0 = Debug|Any CPU
		{BEFB01CE-8157-4C77-9192-57EAD68F9E0D}.Release|Any CPU.ActiveCfg = Release|Any CPU
		{BEFB01CE-8157-4C77-9192-57EAD68F9E0D}.Release|Any CPU.Build.0 = Release|Any CPU
		{66EEDB8F-9174-4836-8521-42E45669333C}.Debug|Any CPU.ActiveCfg = Debug|Any CPU
		{66EEDB8F-9174-4836-8521-42E45669333C}.Debug|Any CPU.Build.0 = Debug|Any CPU
		{66EEDB8F-9174-4836-8521-42E45669333C}.Release|Any CPU.ActiveCfg = Release|Any CPU
		{66EEDB8F-9174-4836-8521-42E45669333C}.Release|Any CPU.Build.0 = Release|Any CPU
	EndGlobalSection
	GlobalSection(SolutionProperties) = preSolution
		HideSolutionNode = FALSE
	EndGlobalSection
EndGlobal
